
Microsoft Visual Studio Solution File, Format Version 12.00
# Visual Studio Version 17
VisualStudioVersion = 17.0.31903.59
MinimumVisualStudioVersion = 10.0.40219.1
Project("{F2A71F9B-5D33-465A-A702-920D77279786}") = "Yatzy.Test", "Yatzy.Test\Yatzy.Test.fsproj", "{483F611F-19DF-450B-A060-BAE4C201E426}"
EndProject
Project("{F2A71F9B-5D33-465A-A702-920D77279786}") = "Yatzy", "Yatzy\Yatzy.fsproj", "{D17077A7-0458-4545-B31A-7529BB346505}"
EndProject
Global
	GlobalSection(SolutionConfigurationPlatforms) = preSolution
		Debug|Any CPU = Debug|Any CPU
		Release|Any CPU = Release|Any CPU
	EndGlobalSection
	GlobalSection(SolutionProperties) = preSolution
		HideSolutionNode = FALSE
	EndGlobalSection
	GlobalSection(ProjectConfigurationPlatforms) = postSolution
		{483F611F-19DF-450B-A060-BAE4C201E426}.Debug|Any CPU.ActiveCfg = Debug|Any CPU
		{483F611F-19DF-450B-A060-BAE4C201E426}.Debug|Any CPU.Build.0 = Debug|Any CPU
		{483F611F-19DF-450B-A060-BAE4C201E426}.Release|Any CPU.ActiveCfg = Release|Any CPU
		{483F611F-19DF-450B-A060-BAE4C201E426}.Release|Any CPU.Build.0 = Release|Any CPU
		{D17077A7-0458-4545-B31A-7529BB346505}.Debug|Any CPU.ActiveCfg = Debug|Any CPU
		{D17077A7-0458-4545-B31A-7529BB346505}.Debug|Any CPU.Build.0 = Debug|Any CPU
		{D17077A7-0458-4545-B31A-7529BB346505}.Release|Any CPU.ActiveCfg = Release|Any CPU
		{D17077A7-0458-4545-B31A-7529BB346505}.Release|Any CPU.Build.0 = Release|Any CPU
	EndGlobalSection
EndGlobal
